
Microsoft Visual Studio Solution File, Format Version 12.00
# Visual Studio Version 16
VisualStudioVersion = 16.0.31729.503
MinimumVisualStudioVersion = 10.0.40219.1
Project("{FAE04EC0-301F-11D3-BF4B-00C04F79EFBC}") = "MoviePasta.WebAPI", "MoviePasta.WebAPI\MoviePasta.WebAPI.csproj", "{71CF84CA-66E9-4AEC-84AF-E6D9EF7FA0ED}"
EndProject
Project("{FAE04EC0-301F-11D3-BF4B-00C04F79EFBC}") = "MoviePasta.Models", "MoviePasta.Models\MoviePasta.Models.csproj", "{D9088EEC-FA17-4766-82A2-CC03CA2E6016}"
EndProject
Project("{FAE04EC0-301F-11D3-BF4B-00C04F79EFBC}") = "MoviePasta.Service", "MoviePasta.Service\MoviePasta.Service.csproj", "{D3012AE8-BF75-45F2-944D-C5A535CF4100}"
EndProject
Project("{FAE04EC0-301F-11D3-BF4B-00C04F79EFBC}") = "MoviePasta.Data", "MoviePasta.Data\MoviePasta.Data.csproj", "{05E20F70-D419-4DD4-8268-B56B82407AE3}"
EndProject
Global
	GlobalSection(SolutionConfigurationPlatforms) = preSolution
		Debug|Any CPU = Debug|Any CPU
		Release|Any CPU = Release|Any CPU
	EndGlobalSection
	GlobalSection(ProjectConfigurationPlatforms) = postSolution
		{71CF84CA-66E9-4AEC-84AF-E6D9EF7FA0ED}.Debug|Any CPU.ActiveCfg = Debug|Any CPU
		{71CF84CA-66E9-4AEC-84AF-E6D9EF7FA0ED}.Debug|Any CPU.Build.0 = Debug|Any CPU
		{71CF84CA-66E9-4AEC-84AF-E6D9EF7FA0ED}.Release|Any CPU.ActiveCfg = Release|Any CPU
		{71CF84CA-66E9-4AEC-84AF-E6D9EF7FA0ED}.Release|Any CPU.Build.0 = Release|Any CPU
		{D9088EEC-FA17-4766-82A2-CC03CA2E6016}.Debug|Any CPU.ActiveCfg = Debug|Any CPU
		{D9088EEC-FA17-4766-82A2-CC03CA2E6016}.Debug|Any CPU.Build.0 = Debug|Any CPU
		{D9088EEC-FA17-4766-82A2-CC03CA2E6016}.Release|Any CPU.ActiveCfg = Release|Any CPU
		{D9088EEC-FA17-4766-82A2-CC03CA2E6016}.Release|Any CPU.Build.0 = Release|Any CPU
		{D3012AE8-BF75-45F2-944D-C5A535CF4100}.Debug|Any CPU.ActiveCfg = Debug|Any CPU
		{D3012AE8-BF75-45F2-944D-C5A535CF4100}.Debug|Any CPU.Build.0 = Debug|Any CPU
		{D3012AE8-BF75-45F2-944D-C5A535CF4100}.Release|Any CPU.ActiveCfg = Release|Any CPU
		{D3012AE8-BF75-45F2-944D-C5A535CF4100}.Release|Any CPU.Build.0 = Release|Any CPU
		{05E20F70-D419-4DD4-8268-B56B82407AE3}.Debug|Any CPU.ActiveCfg = Debug|Any CPU
		{05E20F70-D419-4DD4-8268-B56B82407AE3}.Debug|Any CPU.Build.0 = Debug|Any CPU
		{05E20F70-D419-4DD4-8268-B56B82407AE3}.Release|Any CPU.ActiveCfg = Release|Any CPU
		{05E20F70-D419-4DD4-8268-B56B82407AE3}.Release|Any CPU.Build.0 = Release|Any CPU
	EndGlobalSection
	GlobalSection(SolutionProperties) = preSolution
		HideSolutionNode = FALSE
	EndGlobalSection
	GlobalSection(ExtensibilityGlobals) = postSolution
		SolutionGuid = {18BB6EFB-9802-4D21-B4BE-A9949304FF45}
	EndGlobalSection
EndGlobal
